
Microsoft Visual Studio Solution File, Format Version 12.00
# Visual Studio Version 17
VisualStudioVersion = 17.9.34616.47
MinimumVisualStudioVersion = 10.0.40219.1
Project("{888888A0-9F3D-457C-B088-3A5042F75D52}") = "Bytes_N_Plates", "Bytes_N_Plates.pyproj", "{3DC0F6D7-2C21-407A-8D15-AFBAE6131FDF}"
EndProject
Global
	GlobalSection(SolutionConfigurationPlatforms) = preSolution
		Debug|Any CPU = Debug|Any CPU
		Release|Any CPU = Release|Any CPU
	EndGlobalSection
	GlobalSection(ProjectConfigurationPlatforms) = postSolution
		{3DC0F6D7-2C21-407A-8D15-AFBAE6131FDF}.Debug|Any CPU.ActiveCfg = Debug|Any CPU
		{3DC0F6D7-2C21-407A-8D15-AFBAE6131FDF}.Release|Any CPU.ActiveCfg = Release|Any CPU
	EndGlobalSection
	GlobalSection(SolutionProperties) = preSolution
		HideSolutionNode = FALSE
	EndGlobalSection
	GlobalSection(ExtensibilityGlobals) = postSolution
		SolutionGuid = {48A19168-8D99-4B61-AA92-92B677450511}
	EndGlobalSection
EndGlobal
